<?xml version="1.0" encoding="utf-8"?>
<Project ToolsVersion="4.0" xmlns="http://schemas.microsoft.com/developer/msbuild/2003">
  <ItemGroup>
    <ClCompile Include="Source\Log.cpp">
      <Filter>Tools</Filter>
    </ClCompile>
    <ClCompile Include="Source\External\PugiXml\src\pugixml.cpp">
      <Filter>External\PugiXml</Filter>
    </ClCompile>
    <ClCompile Include="Source\App.cpp">
      <Filter>Game</Filter>
    </ClCompile>
    <ClCompile Include="Source\Main.cpp">
      <Filter>Game</Filter>
    </ClCompile>
    <ClCompile Include="Source\Scene.cpp">
      <Filter>Game\Modules\Scene</Filter>
    </ClCompile>
    <ClCompile Include="Source\Item.cpp">
      <Filter>Game\Entities</Filter>
    </ClCompile>
    <ClCompile Include="Source\Player.cpp">
      <Filter>Game\Entities</Filter>
    </ClCompile>
    <ClCompile Include="Source\Timer.cpp">
      <Filter>Tools</Filter>
    </ClCompile>
    <ClCompile Include="Source\PerfTimer.cpp">
      <Filter>Tools</Filter>
    </ClCompile>
    <ClCompile Include="Source\Audio.cpp">
      <Filter>Game\Modules\Body</Filter>
    </ClCompile>
    <ClCompile Include="Source\EntityManager.cpp">
      <Filter>Game\Modules\Body</Filter>
    </ClCompile>
    <ClCompile Include="Source\Input.cpp">
      <Filter>Game\Modules\Body</Filter>
    </ClCompile>
    <ClCompile Include="Source\Map.cpp">
      <Filter>Game\Modules\Body</Filter>
    </ClCompile>
    <ClCompile Include="Source\PathFinding.cpp">
      <Filter>Game\Modules\Body</Filter>
    </ClCompile>
    <ClCompile Include="Source\Physics.cpp">
      <Filter>Game\Modules\Body</Filter>
    </ClCompile>
    <ClCompile Include="Source\Render.cpp">
      <Filter>Game\Modules\Body</Filter>
    </ClCompile>
    <ClCompile Include="Source\Textures.cpp">
      <Filter>Game\Modules\Body</Filter>
    </ClCompile>
    <ClCompile Include="Source\Window.cpp">
      <Filter>Game\Modules\Body</Filter>
    </ClCompile>
    <ClCompile Include="Source\Ghost.cpp">
      <Filter>Game\Entities\Enemies</Filter>
    </ClCompile>
    <ClCompile Include="Source\Skeleton.cpp">
      <Filter>Game\Entities\Enemies</Filter>
    </ClCompile>
    <ClCompile Include="Source\Enemy.cpp">
      <Filter>Game\Entities\Enemies</Filter>
    </ClCompile>
  </ItemGroup>
  <ItemGroup>
    <ClInclude Include="Source\Defs.h">
      <Filter>Tools</Filter>
    </ClInclude>
    <ClInclude Include="Source\DynArray.h">
      <Filter>Tools</Filter>
    </ClInclude>
    <ClInclude Include="Source\List.h">
      <Filter>Tools</Filter>
    </ClInclude>
    <ClInclude Include="Source\Log.h">
      <Filter>Tools</Filter>
    </ClInclude>
    <ClInclude Include="Source\Point.h">
      <Filter>Tools</Filter>
    </ClInclude>
    <ClInclude Include="Source\SString.h">
      <Filter>Tools</Filter>
    </ClInclude>
    <ClInclude Include="Source\External\PugiXml\src\pugiconfig.hpp">
      <Filter>External\PugiXml</Filter>
    </ClInclude>
    <ClInclude Include="Source\External\PugiXml\src\pugixml.hpp">
      <Filter>External\PugiXml</Filter>
    </ClInclude>
    <ClInclude Include="Source\Queue.h">
      <Filter>Tools</Filter>
    </ClInclude>
    <ClInclude Include="Source\Module.h">
      <Filter>Game\Modules</Filter>
    </ClInclude>
    <ClInclude Include="Source\Scene.h">
      <Filter>Game\Modules\Scene</Filter>
    </ClInclude>
    <ClInclude Include="Source\Player.h">
      <Filter>Game\Entities</Filter>
    </ClInclude>
    <ClInclude Include="Source\Item.h">
      <Filter>Game\Entities</Filter>
    </ClInclude>
    <ClInclude Include="Source\App.h">
      <Filter>Game</Filter>
    </ClInclude>
    <ClInclude Include="Source\Timer.h">
      <Filter>Tools</Filter>
    </ClInclude>
    <ClInclude Include="Source\PerfTimer.h">
      <Filter>Tools</Filter>
    </ClInclude>
    <ClInclude Include="Source\Entity.h">
      <Filter>Game\Entities</Filter>
    </ClInclude>
    <ClInclude Include="Source\Audio.h">
      <Filter>Game\Modules\Heathers</Filter>
    </ClInclude>
    <ClInclude Include="Source\EntityManager.h">
      <Filter>Game\Modules\Heathers</Filter>
    </ClInclude>
    <ClInclude Include="Source\Input.h">
      <Filter>Game\Modules\Heathers</Filter>
    </ClInclude>
    <ClInclude Include="Source\Map.h">
      <Filter>Game\Modules\Heathers</Filter>
    </ClInclude>
    <ClInclude Include="PathFinding.h">
      <Filter>Game\Modules\Heathers</Filter>
    </ClInclude>
    <ClInclude Include="Source\Physics.h">
      <Filter>Game\Modules\Heathers</Filter>
    </ClInclude>
    <ClInclude Include="Source\Render.h">
      <Filter>Game\Modules\Heathers</Filter>
    </ClInclude>
    <ClInclude Include="Source\Textures.h">
      <Filter>Game\Modules\Heathers</Filter>
    </ClInclude>
    <ClInclude Include="Source\Window.h">
      <Filter>Game\Modules\Heathers</Filter>
    </ClInclude>
    <ClInclude Include="Animation.h">
      <Filter>Game\Modules\Heathers</Filter>
    </ClInclude>
    <ClInclude Include="Source\Ghost.h">
      <Filter>Game\Entities\Enemies</Filter>
    </ClInclude>
    <ClInclude Include="Source\Skeleton.h">
      <Filter>Game\Entities\Enemies</Filter>
    </ClInclude>
    <ClInclude Include="Source\Enemy.h">
      <Filter>Game\Entities\Enemies</Filter>
    </ClInclude>
  </ItemGroup>
  <ItemGroup>
    <Filter Include="External">
      <UniqueIdentifier>{83a966c7-b4bb-4eff-9c2c-3ff3c7b55a60}</UniqueIdentifier>
    </Filter>
    <Filter Include="External\PugiXml">
      <UniqueIdentifier>{2855ff7f-53a1-413d-a75b-18b4ade921dd}</UniqueIdentifier>
    </Filter>
    <Filter Include="Game">
      <UniqueIdentifier>{5663483e-e19a-4277-be64-10e6b6b19bd7}</UniqueIdentifier>
    </Filter>
    <Filter Include="Game\Modules">
      <UniqueIdentifier>{2d668d91-7cdc-4fbc-8109-19b68ea1154d}</UniqueIdentifier>
    </Filter>
    <Filter Include="Game\Entities">
      <UniqueIdentifier>{b1273295-54f3-4913-8110-89e23a6295e1}</UniqueIdentifier>
    </Filter>
    <Filter Include="Tools">
      <UniqueIdentifier>{2cad778a-d356-48b0-9fee-587f1bbb187e}</UniqueIdentifier>
    </Filter>
    <Filter Include="Game\Modules\Heathers">
      <UniqueIdentifier>{847470f2-e64c-43be-8c57-5c8bb3d55c9b}</UniqueIdentifier>
    </Filter>
    <Filter Include="Game\Modules\Body">
      <UniqueIdentifier>{d44a0483-87dd-4415-8e20-d717d105d460}</UniqueIdentifier>
    </Filter>
    <Filter Include="Game\Entities\Enemies">
      <UniqueIdentifier>{11725aa7-0e1d-415d-8947-8b6863c33221}</UniqueIdentifier>
    </Filter>
    <Filter Include="Game\Modules\Scene">
      <UniqueIdentifier>{468c740a-ba0b-494e-aa2e-821f74e47f5a}</UniqueIdentifier>
    </Filter>
  </ItemGroup>
</Project>